a:5:{s:5:"doing";s:15:"Sending Archive";s:8:"item_key";i:1364347305;s:13:"data_item_key";i:1364545675;s:10:"time_start";i:1364626392;s:3:"pid";i:19122;}
8:"has_lock";b:1;s:9:"file_name";s:103:"/Users/Holmes/Sites/fpa.dev/wp-content/uploads/snapshots/snapshot-1364347305-130329-082755-3a802673.zip";s:9:"file_size";i:17399490;s:11:"file_offset";i:17399490;s:13:"file_uploadid";s:22:"rSe3QMHy892r2biREISC9A";}
